{
    "_meta": {
        "hash": {
            "sha256": "dc2fbf73fae6b85ddb4bf1fbbf1a98433729a8f9cfff80bda4bb8b4daa77671a"
        },
        "pipfile-spec": 6,
        "requires": {
            "python_version": "3.11"
        },
        "sources": [
            {
                "name": "pypi",
                "url": "https://pypi.org/simple",
                "verify_ssl": true
            }
        ]
    },
    "default": {
        "certifi": {
            "hashes": [
                "sha256:5a1e7645bc0ec61a09e26c36f6106dd4cf40c6db3a1fb6352b0244e7fb057c7b",
                "sha256:c198e21b1289c2ab85ee4e67bb4b4ef3ead0892059901a8d5b622f24a1101e90"
            ],
            "markers": "python_version >= '3.6'",
            "version": "==2024.7.4"
        },
        "charset-normalizer": {
            "hashes": [
                "sha256:06435b539f889b1f6f4ac1758871aae42dc3a8c0e24ac9e60c2384973ad73027",
                "sha256:06a81e93cd441c56a9b65d8e1d043daeb97a3d0856d177d5c90ba85acb3db087",
                "sha256:0a55554a2fa0d408816b3b5cedf0045f4b8e1a6065aec45849de2d6f3f8e9786",
                "sha256:0b2b64d2bb6d3fb9112bafa732def486049e63de9618b5843bcdd081d8144cd8",
                "sha256:10955842570876604d404661fbccbc9c7e684caf432c09c715ec38fbae45ae09",
                "sha256:122c7fa62b130ed55f8f285bfd56d5f4b4a5b503609d181f9ad85e55c89f4185",
                "sha256:1ceae2f17a9c33cb48e3263960dc5fc8005351ee19db217e9b1bb15d28c02574",
                "sha256:1d3193f4a680c64b4b6a9115943538edb896edc190f0b222e73761716519268e",
                "sha256:1f79682fbe303db92bc2b1136016a38a42e835d932bab5b3b1bfcfbf0640e519",
                "sha256:2127566c664442652f024c837091890cb1942c30937add288223dc895793f898",
                "sha256:22afcb9f253dac0696b5a4be4a1c0f8762f8239e21b99680099abd9b2b1b2269",
                "sha256:25baf083bf6f6b341f4121c2f3c548875ee6f5339300e08be3f2b2ba1721cdd3",
                "sha256:2e81c7b9c8979ce92ed306c249d46894776a909505d8f5a4ba55b14206e3222f",
                "sha256:3287761bc4ee9e33561a7e058c72ac0938c4f57fe49a09eae428fd88aafe7bb6",
                "sha256:34d1c8da1e78d2e001f363791c98a272bb734000fcef47a491c1e3b0505657a8",
                "sha256:37e55c8e51c236f95b033f6fb391d7d7970ba5fe7ff453dad675e88cf303377a",
                "sha256:3d47fa203a7bd9c5b6cee4736ee84ca03b8ef23193c0d1ca99b5089f72645c73",
                "sha256:3e4d1f6587322d2788836a99c69062fbb091331ec940e02d12d179c1d53e25fc",
                "sha256:42cb296636fcc8b0644486d15c12376cb9fa75443e00fb25de0b8602e64c1714",
                "sha256:45485e01ff4d3630ec0d9617310448a8702f70e9c01906b0d0118bdf9d124cf2",
                "sha256:4a78b2b446bd7c934f5dcedc588903fb2f5eec172f3d29e52a9096a43722adfc",
                "sha256:4ab2fe47fae9e0f9dee8c04187ce5d09f48eabe611be8259444906793ab7cbce",
                "sha256:4d0d1650369165a14e14e1e47b372cfcb31d6ab44e6e33cb2d4e57265290044d",
                "sha256:549a3a73da901d5bc3ce8d24e0600d1fa85524c10287f6004fbab87672bf3e1e",
                "sha256:55086ee1064215781fff39a1af09518bc9255b50d6333f2e4c74ca09fac6a8f6",
                "sha256:572c3763a264ba47b3cf708a44ce965d98555f618ca42c926a9c1616d8f34269",
                "sha256:573f6eac48f4769d667c4442081b1794f52919e7edada77495aaed9236d13a96",
                "sha256:5b4c145409bef602a690e7cfad0a15a55c13320ff7a3ad7ca59c13bb8ba4d45d",
                "sha256:6463effa3186ea09411d50efc7d85360b38d5f09b870c48e4600f63af490e56a",
                "sha256:65f6f63034100ead094b8744b3b97965785388f308a64cf8d7c34f2f2e5be0c4",
                "sha256:663946639d296df6a2bb2aa51b60a2454ca1cb29835324c640dafb5ff2131a77",
                "sha256:6897af51655e3691ff853668779c7bad41579facacf5fd7253b0133308cf000d",
                "sha256:68d1f8a9e9e37c1223b656399be5d6b448dea850bed7d0f87a8311f1ff3dabb0",
                "sha256:6ac7ffc7ad6d040517be39eb591cac5ff87416c2537df6ba3cba3bae290c0fed",
                "sha256:6b3251890fff30ee142c44144871185dbe13b11bab478a88887a639655be1068",
                "sha256:6c4caeef8fa63d06bd437cd4bdcf3ffefe6738fb1b25951440d80dc7df8c03ac",
                "sha256:6ef1d82a3af9d3eecdba2321dc1b3c238245d890843e040e41e470ffa64c3e25",
                "sha256:753f10e867343b4511128c6ed8c82f7bec3bd026875576dfd88483c5c73b2fd8",
                "sha256:7cd13a2e3ddeed6913a65e66e94b51d80a041145a026c27e6bb76c31a853c6ab",
                "sha256:7ed9e526742851e8d5cc9e6cf41427dfc6068d4f5a3bb03659444b4cabf6bc26",
                "sha256:7f04c839ed0b6b98b1a7501a002144b76c18fb1c1850c8b98d458ac269e26ed2",
                "sha256:802fe99cca7457642125a8a88a084cef28ff0cf9407060f7b93dca5aa25480db",
                "sha256:80402cd6ee291dcb72644d6eac93785fe2c8b9cb30893c1af5b8fdd753b9d40f",
                "sha256:8465322196c8b4d7ab6d1e049e4c5cb460d0394da4a27d23cc242fbf0034b6b5",
                "sha256:86216b5cee4b06df986d214f664305142d9c76df9b6512be2738aa72a2048f99",
                "sha256:87d1351268731db79e0f8e745d92493ee2841c974128ef629dc518b937d9194c",
                "sha256:8bdb58ff7ba23002a4c5808d608e4e6c687175724f54a5dade5fa8c67b604e4d",
                "sha256:8c622a5fe39a48f78944a87d4fb8a53ee07344641b0562c540d840748571b811",
                "sha256:8d756e44e94489e49571086ef83b2bb8ce311e730092d2c34ca8f7d925cb20aa",
                "sha256:8f4a014bc36d3c57402e2977dada34f9c12300af536839dc38c0beab8878f38a",
                "sha256:9063e24fdb1e498ab71cb7419e24622516c4a04476b17a2dab57e8baa30d6e03",
                "sha256:90d558489962fd4918143277a773316e56c72da56ec7aa3dc3dbbe20fdfed15b",
                "sha256:923c0c831b7cfcb071580d3f46c4baf50f174be571576556269530f4bbd79d04",
                "sha256:95f2a5796329323b8f0512e09dbb7a1860c46a39da62ecb2324f116fa8fdc85c",
                "sha256:96b02a3dc4381e5494fad39be677abcb5e6634bf7b4fa83a6dd3112607547001",
                "sha256:9f96df6923e21816da7e0ad3fd47dd8f94b2a5ce594e00677c0013018b813458",
                "sha256:a10af20b82360ab00827f916a6058451b723b4e65030c5a18577c8b2de5b3389",
                "sha256:a50aebfa173e157099939b17f18600f72f84eed3049e743b68ad15bd69b6bf99",
                "sha256:a981a536974bbc7a512cf44ed14938cf01030a99e9b3a06dd59578882f06f985",
                "sha256:a9a8e9031d613fd2009c182b69c7b2c1ef8239a0efb1df3f7c8da66d5dd3d537",
                "sha256:ae5f4161f18c61806f411a13b0310bea87f987c7d2ecdbdaad0e94eb2e404238",
                "sha256:aed38f6e4fb3f5d6bf81bfa990a07806be9d83cf7bacef998ab1a9bd660a581f",
                "sha256:b01b88d45a6fcb69667cd6d2f7a9aeb4bf53760d7fc536bf679ec94fe9f3ff3d",
                "sha256:b261ccdec7821281dade748d088bb6e9b69e6d15b30652b74cbbac25e280b796",
                "sha256:b2b0a0c0517616b6869869f8c581d4eb2dd83a4d79e0ebcb7d373ef9956aeb0a",
                "sha256:b4a23f61ce87adf89be746c8a8974fe1c823c891d8f86eb218bb957c924bb143",
                "sha256:bd8f7df7d12c2db9fab40bdd87a7c09b1530128315d047a086fa3ae3435cb3a8",
                "sha256:beb58fe5cdb101e3a055192ac291b7a21e3b7ef4f67fa1d74e331a7f2124341c",
                "sha256:c002b4ffc0be611f0d9da932eb0f704fe2602a9a949d1f738e4c34c75b0863d5",
                "sha256:c083af607d2515612056a31f0a8d9e0fcb5876b7bfc0abad3ecd275bc4ebc2d5",
                "sha256:c180f51afb394e165eafe4ac2936a14bee3eb10debc9d9e4db8958fe36afe711",
                "sha256:c235ebd9baae02f1b77bcea61bce332cb4331dc3617d254df3323aa01ab47bd4",
                "sha256:cd70574b12bb8a4d2aaa0094515df2463cb429d8536cfb6c7ce983246983e5a6",
                "sha256:d0eccceffcb53201b5bfebb52600a5fb483a20b61da9dbc885f8b103cbe7598c",
                "sha256:d965bba47ddeec8cd560687584e88cf699fd28f192ceb452d1d7ee807c5597b7",
                "sha256:db364eca23f876da6f9e16c9da0df51aa4f104a972735574842618b8c6d999d4",
                "sha256:ddbb2551d7e0102e7252db79ba445cdab71b26640817ab1e3e3648dad515003b",
                "sha256:deb6be0ac38ece9ba87dea880e438f25ca3eddfac8b002a2ec3d9183a454e8ae",
                "sha256:e06ed3eb3218bc64786f7db41917d4e686cc4856944f53d5bdf83a6884432e12",
                "sha256:e27ad930a842b4c5eb8ac0016b0a54f5aebbe679340c26101df33424142c143c",
                "sha256:e537484df0d8f426ce2afb2d0f8e1c3d0b114b83f8850e5f2fbea0e797bd82ae",
                "sha256:eb00ed941194665c332bf8e078baf037d6c35d7c4f3102ea2d4f16ca94a26dc8",
                "sha256:eb6904c354526e758fda7167b33005998fb68c46fbc10e013ca97f21ca5c8887",
                "sha256:eb8821e09e916165e160797a6c17edda0679379a4be5c716c260e836e122f54b",
                "sha256:efcb3f6676480691518c177e3b465bcddf57cea040302f9f4e6e191af91174d4",
                "sha256:f27273b60488abe721a075bcca6d7f3964f9f6f067c8c4c605743023d7d3944f",
                "sha256:f30c3cb33b24454a82faecaf01b19c18562b1e89558fb6c56de4d9118a032fd5",
                "sha256:fb69256e180cb6c8a894fee62b3afebae785babc1ee98b81cdf68bbca1987f33",
                "sha256:fd1abc0d89e30cc4e02e4064dc67fcc51bd941eb395c502aac3ec19fab46b519",
                "sha256:ff8fa367d09b717b2a17a052544193ad76cd49979c805768879cb63d9ca50561"
            ],
            "markers": "python_full_version >= '3.7.0'",
            "version": "==3.3.2"
        },
        "ephem": {
            "hashes": [
                "sha256:02189a7e9eaf70aa887a1e9cd38db1297c52cd6febd7226811d01c304d563ebf",
                "sha256:0277e0022d7a9efd740e4014a66ac56fe79f35972f79d70e2d828b17cec3805f",
                "sha256:0e0c517d9e586d9cdb6bd63d3b3ca3ef1b82809fa64f70c8f659856096e0d403",
                "sha256:0fbf26f0c99d7ba100df584cd4899044e582af57bbe313aecfecefd6ab389753",
                "sha256:10f561e488787b6fc9a689f1f926f51bb225bb91af18ed0b38e1c93ffa179d2e",
                "sha256:129fda6db42abb6baf4e55e953969ad923995dcaadacfc7d652e5ad6103d7ebe",
                "sha256:13349edb5263e81a38c07157a558b712948e0456e9dd02fc33d7bb2ebdb54bdb",
                "sha256:1a99357c6e1a2394231718434ec77b0a09daaaf8308e852eb887c0f830e5eab4",
                "sha256:1e9b3b809ccf6addf01e852b1bb0a0c872b92144a38efda13caef1c3de451808",
                "sha256:1f924be0002e943e5a73b226aecdf43c94d3e557f85674c153e712b92f6df9b3",
                "sha256:20c9545f19660fcc8a6546f944304749932da354d2e5bb268df324c8051b6e9b",
                "sha256:245accecb7050f3f0e495dbd49f58b38e63d70d1af2a034ba40038daa968925f",
                "sha256:2c9763d4c108de400226697e7256e496ef37f60490591c043038b8fbce7bde94",
                "sha256:303a476a6242174231233bcfebb8c05ad46bcc07000ef90e7c84c0b5174c50d0",
                "sha256:3069578b3dfe0de4182d95ba58843f2efc26145171ca2afb233ba70a6b4b8e9d",
                "sha256:308bbf9cd4449661225ceb96b205037bdefe0c82b1579d8cacd93c4b98cfa939",
                "sha256:323649d8fd4f34036b43a332c8457a9e711c91ac708e3d5238a379a704b53ffb",
                "sha256:38a74e63cfb6fcee6b23ad183c6d02da0c0113ae7ad4f433422a15e401c3aa92",
                "sha256:3c4fd64f453e8f40cf862420a70da95a71b6487ace75e8e0cf85d73707db6065",
                "sha256:3d2e52724b315944b330e9cf5e2dd2a16d7d646a14a3f21a7368e95f6e1f30e8",
                "sha256:3dbb30fde6ab28b2455ea2bea5b52a93941c920125b5f2977f70dd9cc69f8c51",
                "sha256:3dcc4ead3446e9831c0acc8396d93ab281cfc37d68bc01413f65017750cef13a",
                "sha256:3e776b20832067257525de0bb0fdca8b6aec8c3fc9e059cff5df9160f857c9c5",
                "sha256:3f3e5ff58de24006928c7ea9ff0c70a01f510816b1d687591b0de5697ea014e5",
                "sha256:40aa89b316bd2cb6a5a1ed0f391983272626582cdf14e5c92cfe8d167b4a32c0",
                "sha256:41589191e9cea33a2c455fcd75cd8906433b88e2b0eaca0400c753272c007272",
                "sha256:45bea1bb6fb1850f2d3169e541c22fb88030976967f8c551181786f5e713100e",
                "sha256:4765768de1cb0af0e179f3860e6fa0163e8a7d23faf2fa61fe113eee3748fe02",
                "sha256:4776dcfabc2a2346770901da1bae7917deae557b0adc7c3d5e5f7c6e3e4d4c9f",
                "sha256:4b1c87517be414f67c3b35c6dbd8bd7c28d664e06d857b4a4224511bdb06ad2e",
                "sha256:4f42e6c7330b852b3cb94dedea805345d259b1bc4f3a715640a0c651c221ef47",
                "sha256:5152d5e84458a10f0dec83c6934839b5f2d4a9e642fb9f9ea53161923db58aba",
                "sha256:5371eeb1cdf51d7cddbc615ca140764117ddbf8b14b8e5c4be112761a570393d",
                "sha256:539339b435b7fb501c3ef3695e37cc39e280c7402e4ac28d829124928bb2a8ae",
                "sha256:5670edeb6a531104ae594eb48d1595ac28a57cc41603f760ab45f2618b6bf100",
                "sha256:599df915cd37dae047e4d885885afff23102d33a33f9900ae95c11195cbe83cb",
                "sha256:5c787ef694db5e56151595ec237f960836e672a8770b41f09f9c65c26133291b",
                "sha256:65c4b960b556b1db868de77ddc7ecc9a554dd103a9d59a07321ee45657c32b3f",
                "sha256:67eeb1e05390fd6ff1ed25bc60379c717ec7c2313305cf85995f469a2ee66e0c",
                "sha256:68976d765a78ff3c534e11c8b9f87e83b67cacd461e7074664fb8a0c0b9ab341",
                "sha256:6d3a4b72e8dc3fe36680c3f150f0f98c9df3a97e85df1c37781a0c475c1f667a",
                "sha256:6e29cc55b647e07f992e7f360b7b44bb6e1ec41d503eab923054e7b6f08caa1a",
                "sha256:6f72e5136105006e0eb3360a8f41c7551062d07d055fa7f48551985541b6ab74",
                "sha256:6ff641a038b883c572d6ce0f642f54c0e42d568f2827e15cb7c2f78cb8e72ec6",
                "sha256:729d9d42a9dcc7f80ab4a12f2cb40b2908c66a13708d6f0792bfebf55b62169f",
                "sha256:74673ea73bda79b81b21a9326798f6cc32d22c0845cffb05eca5dec5c50b3a89",
                "sha256:7933731d614fdb05c67a64d1e27999cd680994da3c75f1aff85a9eef11ea80d1",
                "sha256:797fb2a6ecef2866f7a2d57f897dfb9f34bea60462950b94a22935272f4d7e5c",
                "sha256:7b3ac07c8e09d185ff35d68dcbdde948fe9ffb5eb3b67661a5e237391145b0f6",
                "sha256:813b50b2cd2172f59df4f71792e0e16702581b0b13c64bd995b29f1121d604df",
                "sha256:81d20d83d5bd6ab18dcbe1b477bc3cd71c690011284d1075d08101040f2de66e",
                "sha256:94cad00341ed5367144f3dfec98b6a33f285b5eb5c35971f697f8cac14f12a00",
                "sha256:953292ca2e5610f472532597b14ff6c91086a0821cfe443580a6b4e27a4ed7a7",
                "sha256:9592cfa54519b79fc3ab25efeee1fb4330ae8ba33d6cec24ca57ccf8abcb9983",
                "sha256:97164eeeeb1da0d2ba5b72ef62e7fcde121f2b0e140774c5e5b93d902994e119",
                "sha256:98b7ac952cfcefc39883684ef4d39a5d81dfa925ea9a7c720713feb665819601",
                "sha256:99b6d7c75505f2ca3e470fea659dabe806c947f21d57093af5c97bb9310851e4",
                "sha256:9a4e8b69803bff40ba56bb60d08e3e20c23f50bf2076cc8b8df371c92ab4418c",
                "sha256:9da22f8b6fe666cc77f69ca74959463007fc0c8e913026b225658bcd91e9d358",
                "sha256:9e0ca372021345efccb91845cdfe6c6e51a44067adb8f3d2629f4ab49c2cc8b0",
                "sha256:9ebfbc111ff91d183d7c58612ad4f5f6c7d7e95d9ac7b5a5451714713b334f81",
                "sha256:9f72002f2f6dd8ad838fcbe7b4e9bdf8daadfe3e7093383336a234da458c77a5",
                "sha256:a0490e6755bde5c80787ab4937a1f1d2832ea5e6e1b624b53d5e2852b7d4c303",
                "sha256:a0ab0091cb4dbe7f9a163a11d16fae63e3d2b51c9b7f0557ce5a721c95a6b4f4",
                "sha256:a6f3354a5a2e78f435bd1a70bb2c245fef31591547ec5d3d95e85038e3ea0edd",
                "sha256:a7aa551ea1a6ae2ee58ab31571be1caf5647c31f97588ef2a09ac8e991f9c133",
                "sha256:af2a25550171fcdab9a62f1395c5e203f16796326409282d5e6e1222f4d62e0f",
                "sha256:b023c79e5d8dd17124f68fcfd8756d6ec236002545769069c12479376c721d70",
                "sha256:b39fb90633da4dfef95829f57c5eab4271e8284efdcdc0d00dfb8db9dee6ad78",
                "sha256:b535eb78c84779531868a96cc45db1b9d98fd0258bc1994dc4ae63902841d466",
                "sha256:b5ebe25f33f43cd3ae92b70a43ad558775513bddcac706474110045795b356a1",
                "sha256:b767edad8324d76f8a713a4c48d9998012706455d9f1407c4d41602ff2938fce",
                "sha256:bc9107ff5b290edc560898c0dcdf11c260547fd6fd0a1f65936954a92498eef9",
                "sha256:bd7f93743ef79a88115d5106620827a108ca2afd83baae71d056f2f90ebb4e94",
                "sha256:bd836343c6d3b0a7658a8f7d1df2937f398f4b8465a6a77b47e6fa84edd574ae",
                "sha256:c34abfcbc5d33106bbc9128299e05e20f97b81f25dbf19824cf7634d2023c4ec",
                "sha256:c7dcd7425cc82945b0d6cb31a0897aeae835d5e68082243e210b59036950b61e",
                "sha256:cbd5f01a5a6fd687ce283ccb02d30a831ef4a88e8e8e35019d436be9c58faae9",
                "sha256:cce2e0cddd3f04f0d9a5799f948cd4ad7345157819df4e7aea3d4ab24911c07b",
                "sha256:d617510363d1d80d50cc601b477e4e817b83de311fea932d85bb9d87913b577a",
                "sha256:d978cf7398ecc0a7e4b09c6539e5f066dc0c60efa3dfe53ab2d5ad88610f62fa",
                "sha256:db6ba8a8940b0d13495e020e68092323fc7ac22cff00f5398fe1c9d4445e8fc1",
                "sha256:dbad1ea774465e6cb95601dc8d8c95dd66708e08de5122f8b98e9a2e472f3b8f",
                "sha256:dc2f11f7b16901cdfcd68f3fbf83ea513f3fa1368dfb456fa8e880cc70c64bb8",
                "sha256:e0e771e10ffe1acaf32d2925287ff19c4b2ad8f411e32f874a7830d4043211e0",
                "sha256:e2f542499995177ce675cbd32349962248cb34a4eee7caba41abfcae1655941c",
                "sha256:e467a8c84295e9c3cfb5588b2d33d4649ea75c49caa0e3664dcc4f356f199704",
                "sha256:e520611383389b9da89c75ea414adeead142f3acf73d662cfa2d9c09dcce6e26",
                "sha256:e6db15e4169f8a73827ab0eb3a5722bb9679781375384cdea5809cf325e13b14",
                "sha256:e6eb387020bccd43bf69f4f62f7f9dc154ed12947f10e8ced99ce17115426884",
                "sha256:e793840ab6e899c79e09b075b1bfe21f0ff7ce9c11d9d493cee6b2c30c622008",
                "sha256:e9083fe4144478a43fbba07169957b6eb3797fd97955145dd614eaa0a934ad79",
                "sha256:ea8d23e7d452537fbbe1da12891ccaea5bf890a0ae35007d6c773842ad08ec16",
                "sha256:f04201c4ff62ad0b1ddf1a3af9bc49e652eeaff2299a3030f68af2de2e27ec02",
                "sha256:f1c232b35229130dd800c8c0dfa5d8aa6d563ced63a438d1ea0ca145e505842a",
                "sha256:f20917fc08b96735e9e244219f8b211eeaacff1082406e82bf855669a92c3233",
                "sha256:f409c4adb0160689a3297b83bfddf4893942eb8a6a6bf31f034d9ed8ebcd6112",
                "sha256:f5f7428004626a36dc76164fe3c5b12a567b198afc3327f7d6721f87b4f73792",
                "sha256:faf33b2b03e3b6cecff25b6cdb6fd3295908a8cea29b614beda5e36dc6f978a6",
                "sha256:fea3ff1fb12241f12a5d4e7f303e43ac5ab467903c98f0b90539ea9cbe0cab4d"
            ],
            "index": "pypi",
            "version": "==4.2"
        },
        "idna": {
            "hashes": [
                "sha256:028ff3aadf0609c1fd278d8ea3089299412a7a8b9bd005dd08b9f8285bcb5cfc",
                "sha256:82fee1fc78add43492d3a1898bfa6d8a904cc97d8427f683ed8e798d07761aa0"
            ],
            "markers": "python_version >= '3.5'",
            "version": "==3.7"
        },
        "pygame": {
            "hashes": [
                "sha256:098029d01a46ea4e30620dfb7c28a577070b456c8fc96350dde05f85c0bf51b5",
                "sha256:1551852a2cd5b4139a752888f6cbeeb4a96fc0fe6e6f3f8b9d9784eb8fceab13",
                "sha256:1c429824b1f881a7a5ce3b5c2014d3d182aa45a22cea33c8347a3971a5446907",
                "sha256:249dbf2d51d9f0266009a380ccf0532e1a57614a1528bb2f89a802b01d61f93e",
                "sha256:2ed2539bb6bd211fc570b1169dc4a64a74ec5cd95741e62a0ab46bd18fe08e0d",
                "sha256:315e7b3c1c573984f549ac5da9778ac4709b3b4e3a4061050d94eab63fa4fe31",
                "sha256:3dc242dc15d067d10f25c5b12a1da48ca9436d8e2d72353eaf757e83612fba2f",
                "sha256:3f809560c99bd1fb4716610eca0cd36412528f03da1a63841a347b71d0c604ee",
                "sha256:4928f3acf5a9ce5fbab384c21f1245304535ffd5fb167ae92a6b4d3cdb55a3b6",
                "sha256:4a63daee99d050f47d6ec7fa7dbd1c6597b8f082cdd58b6918d382d2bc31262d",
                "sha256:4f637636a44712e94e5601ec69160a080214626471983dfb0b5b68aa0c61563d",
                "sha256:4faab2df9926c4d31215986536b112f0d76f711cf02f395805f1ff5df8fd55fc",
                "sha256:4fad1ab33443ecd4f958dbbb67fc09fcdc7a37e26c34054e3296fb7e26ad641e",
                "sha256:5ef92ed93c354eabff4b85e457d4d6980115004ec7ff52a19fd38b929c3b80fb",
                "sha256:6050f3e95f1f16602153d616b52619c6a2041cee7040eb529f65689e9633fc3e",
                "sha256:6897ab87f9193510a774a3483e00debfe166f340ca159f544ef99807e2a44ec4",
                "sha256:6a284664978a1989c1e31a0888b2f70cfbcbafdfa3bb310e750b0d3366416225",
                "sha256:6acf7949ed764487d51123f4f3606e8f76b0df167fef12ef73ef423c35fdea39",
                "sha256:6f908762941fd99e1f66d1211d26383184f6045c45673443138b214bf48a89aa",
                "sha256:71eebb9803cb350298de188fb7cdd3ebf13299f78d59a71c7e81efc649aae348",
                "sha256:722d33ae676aa8533c1f955eded966411298831346b8d51a77dad22e46ba3e35",
                "sha256:79abcbf6d12fce51a955a0652ccd50b6d0a355baa27799535eaf21efb43433dd",
                "sha256:7d65fb222eea1294cfc8206d9e5754d476a1673eb2783c03c4f70e0455320274",
                "sha256:829623cee298b3dbaa1dd9f52c3051ae82f04cad7708c8c67cb9a1a4b8fd3c0b",
                "sha256:89be55b7e9e22e0eea08af9d6cfb97aed5da780f0b3a035803437d481a16d972",
                "sha256:8cb51533ee3204e8160600b0de34eaad70eb913a182c94a7777b6051e8fc52f1",
                "sha256:904aaf29710c6b03a7e1a65b198f5467ed6525e8e60bdcc5e90ff8584c1d54ea",
                "sha256:92cf12a9722f6f0bdc5520d8925a8f085cff9c054a2ea462fc409cba3781be27",
                "sha256:99902f4a2f6a338057200d99b5120a600c27a9f629ca012a9b0087c045508d08",
                "sha256:9bc1795f2e36302882546faacd5a0191463c4f4ae2b90e7c334a7733aa4190d2",
                "sha256:a0194652db7874bdde7dfc69d659ca954544c012e04ae527151325bfb970f423",
                "sha256:a6636f452fdaddf604a060849feb84c056930b6a3c036214f607741f16aac942",
                "sha256:a858bbdeac5ec473ec9e726c55fb8fbdc2f4aad7c55110e899883738071c7c9b",
                "sha256:ac906478ae489bb837bf6d2ae1eb9261d658aa2c34fa5b283027a04149bda81a",
                "sha256:ace471b3849d68968e5427fc01166ef5afaf552a5c442fc2c28d3b7226786f55",
                "sha256:afbb8d97aed93dfb116fe105603dacb68f8dab05b978a40a9e4ab1b6c1f683fd",
                "sha256:b5ac288655e8a31a303cc286e79cc57979ed2ba19c3a14042d4b6391c1d3bed2",
                "sha256:b832200bd8b6fc485e087bf3ef7ec1a21437258536413a5386088f5dcd3a9870",
                "sha256:b834711ebc8b9d0c2a5f9bfae4403dd277b2c61bcb689e1aa630d01a1ebcf40a",
                "sha256:b86771801a7fc10d9a62218f27f1d5c13341c3a27394aa25578443a9cd199830",
                "sha256:c0cb7bdf3ee0233a3ac02ef777c01dfe315e6d4670f1312c83b91c1ef124359a",
                "sha256:c71da36997dc7b9b4ee973fa3a5d4a6cfb2149161b5b1c08b712d2f13a63ccfe",
                "sha256:d11f3646b53819892f4a731e80b8589a9140343d0d4b86b826802191b241228c",
                "sha256:d3ed0547368733b854c0d9981c982a3cdfabfa01b477d095c57bf47f2199da44",
                "sha256:d666667b7826b0a7921b8ce0a282ba5281dfa106976c1a3b24e32a0af65ad3b1",
                "sha256:e432156b6f346f4cc6cab03ce9657600093390f4c9b10bf458716b25beebfe33",
                "sha256:e44bde0840cc21a91c9d368846ac538d106cf0668be1a6030f48df139609d1e8",
                "sha256:e5707aa9d029752495b3eddc1edff62e0e390a02f699b0f1ce77fe0b8c70ea4f",
                "sha256:e909186d4d512add39b662904f0f79b73028fbfc4fbfdaf6f9412aed4e500e9c",
                "sha256:e92294fcc85c4955fe5bc6a0404e4cc870808005dc8f359e881544e3cc214108",
                "sha256:eae3ee62cc172e268121d5bd9dc406a67094d33517de3a91de3323d6ae23eb02",
                "sha256:f6a58b0a5a8740a3c2cf6fc5366888bd4514561253437f093c12a9ab4fb3ecae",
                "sha256:f6e5e6c010b1bf429388acf4d41d7ab2f7ad8fbf241d0db822102d35c9a2eb84",
                "sha256:f82df23598a281c8c342d3c90be213c8fe762a26c15815511f60d0aac6e03a70",
                "sha256:fcd28f96f0fffd28e71a98773843074597e10d7f55a098e2e5bcb2bef1bdcbf5",
                "sha256:fd8848a37a7cee37854c7efb8d451334477c9f8ce7ac339c079e724dc1334a76",
                "sha256:fea019713d0c89dfd5909225aa933010100035d1cd30e6c936e8b6f00529fb80"
            ],
            "index": "pypi",
            "markers": "python_version >= '3.6'",
            "version": "==2.6.0"
        },
        "requests": {
            "hashes": [
                "sha256:55365417734eb18255590a9ff9eb97e9e1da868d4ccd6402399eaf68af20a760",
                "sha256:70761cfe03c773ceb22aa2f671b4757976145175cdfca038c02654d061d6dcc6"
            ],
            "index": "pypi",
            "markers": "python_version >= '3.8'",
            "version": "==2.32.3"
        },
        "urllib3": {
            "hashes": [
                "sha256:a448b2f64d686155468037e1ace9f2d2199776e17f0a46610480d311f73e3472",
                "sha256:dd505485549a7a552833da5e6063639d0d177c04f23bc3864e41e5dc5f612168"
            ],
            "markers": "python_version >= '3.8'",
            "version": "==2.2.2"
        }
    },
    "develop": {}
}
